
Microsoft Visual Studio Solution File, Format Version 12.00
# Visual Studio 15
VisualStudioVersion = 15.0.27130.2036
MinimumVisualStudioVersion = 10.0.40219.1
Project("{FAE04EC0-301F-11D3-BF4B-00C04F79EFBC}") = "WPlugins.Common", "WPlugins.Common\WPlugins.Common.csproj", "{FA4DB914-C20F-474A-8C97-251C7CE78688}"
EndProject
Project("{FAE04EC0-301F-11D3-BF4B-00C04F79EFBC}") = "WPlugins.ObjImport", "WPlugins.ObjImport\WPlugins.ObjImport.csproj", "{72A186A3-3BBF-49C4-9D9A-018FFD486199}"
EndProject
Project("{FAE04EC0-301F-11D3-BF4B-00C04F79EFBC}") = "WPlugins.ObjExport", "WPlugins.ObjExport\WPlugins.ObjExport.csproj", "{E0848A52-C784-4CA9-B41C-649FFE50888B}"
EndProject
Project("{2150E333-8FDC-42A3-9474-1A3956D46DE8}") = "Solution Items", "Solution Items", "{53AC1C30-7081-450B-A820-8D7B242DAAD6}"
	ProjectSection(SolutionItems) = preProject
		LICENSE.MD = LICENSE.MD
		README.MD = README.MD
	EndProjectSection
EndProject
Project("{FAE04EC0-301F-11D3-BF4B-00C04F79EFBC}") = "WPlugins.NameUtil", "WPlugins.NameUtil\WPlugins.NameUtil.csproj", "{86C5762F-F677-45D8-84BD-9648D5CBE0A6}"
EndProject
Project("{FAE04EC0-301F-11D3-BF4B-00C04F79EFBC}") = "WPlugins.SelectionUtil", "WPlugins.SelectionUtil\WPlugins.SelectionUtil.csproj", "{0A845022-6F7C-4F1E-A045-462FF328DF9F}"
EndProject
Project("{FAE04EC0-301F-11D3-BF4B-00C04F79EFBC}") = "WPlugins.MorphScale", "WPlugins.MorphScale\WPlugins.MorphScale.csproj", "{447278EC-61E5-484C-A7C6-1894E769EB39}"
EndProject
Project("{FAE04EC0-301F-11D3-BF4B-00C04F79EFBC}") = "WPlugins.SelectionStorage", "WPlugins.SelectionStorage\WPlugins.SelectionStorage.csproj", "{A6094D7B-41D3-4ECB-B28F-C516F9B3844B}"
EndProject
Project("{FAE04EC0-301F-11D3-BF4B-00C04F79EFBC}") = "WPlugins.WeightTargetSwitch", "WPlugins.WeightTargetSwitch\WPlugins.WeightTargetSwitch.csproj", "{2B5ECF7C-1267-4211-BBF5-826E8A9C32F6}"
EndProject
Project("{FAE04EC0-301F-11D3-BF4B-00C04F79EFBC}") = "WPlugins.ViewSettingsStorage", "WPlugins.ViewSettingsStorage\WPlugins.ViewSettingsStorage.csproj", "{5095C522-C3FF-4651-B900-4D7BF8C1F7F5}"
EndProject
Project("{FAE04EC0-301F-11D3-BF4B-00C04F79EFBC}") = "WPlugins.WeightTransfer", "WPlugins.WeightTransfer\WPlugins.WeightTransfer.csproj", "{496825A4-DC95-470F-BF97-D05E291E48FF}"
EndProject
Project("{FAE04EC0-301F-11D3-BF4B-00C04F79EFBC}") = "WPlugins.QuickIK", "WPlugins.QuickIK\WPlugins.QuickIK.csproj", "{95A6FEF1-6BFF-4114-89F8-DE438E691EB3}"
EndProject
Global
	GlobalSection(SolutionConfigurationPlatforms) = preSolution
		Debug|Any CPU = Debug|Any CPU
		Release|Any CPU = Release|Any CPU
	EndGlobalSection
	GlobalSection(ProjectConfigurationPlatforms) = postSolution
		{FA4DB914-C20F-474A-8C97-251C7CE78688}.Debug|Any CPU.ActiveCfg = Debug|Any CPU
		{FA4DB914-C20F-474A-8C97-251C7CE78688}.Debug|Any CPU.Build.0 = Debug|Any CPU
		{FA4DB914-C20F-474A-8C97-251C7CE78688}.Release|Any CPU.ActiveCfg = Release|Any CPU
		{FA4DB914-C20F-474A-8C97-251C7CE78688}.Release|Any CPU.Build.0 = Release|Any CPU
		{72A186A3-3BBF-49C4-9D9A-018FFD486199}.Debug|Any CPU.ActiveCfg = Debug|Any CPU
		{72A186A3-3BBF-49C4-9D9A-018FFD486199}.Debug|Any CPU.Build.0 = Debug|Any CPU
		{72A186A3-3BBF-49C4-9D9A-018FFD486199}.Release|Any CPU.ActiveCfg = Release|Any CPU
		{72A186A3-3BBF-49C4-9D9A-018FFD486199}.Release|Any CPU.Build.0 = Release|Any CPU
		{E0848A52-C784-4CA9-B41C-649FFE50888B}.Debug|Any CPU.ActiveCfg = Debug|Any CPU
		{E0848A52-C784-4CA9-B41C-649FFE50888B}.Debug|Any CPU.Build.0 = Debug|Any CPU
		{E0848A52-C784-4CA9-B41C-649FFE50888B}.Release|Any CPU.ActiveCfg = Release|Any CPU
		{E0848A52-C784-4CA9-B41C-649FFE50888B}.Release|Any CPU.Build.0 = Release|Any CPU
		{86C5762F-F677-45D8-84BD-9648D5CBE0A6}.Debug|Any CPU.ActiveCfg = Debug|Any CPU
		{86C5762F-F677-45D8-84BD-9648D5CBE0A6}.Debug|Any CPU.Build.0 = Debug|Any CPU
		{86C5762F-F677-45D8-84BD-9648D5CBE0A6}.Release|Any CPU.ActiveCfg = Release|Any CPU
		{86C5762F-F677-45D8-84BD-9648D5CBE0A6}.Release|Any CPU.Build.0 = Release|Any CPU
		{0A845022-6F7C-4F1E-A045-462FF328DF9F}.Debug|Any CPU.ActiveCfg = Debug|Any CPU
		{0A845022-6F7C-4F1E-A045-462FF328DF9F}.Debug|Any CPU.Build.0 = Debug|Any CPU
		{0A845022-6F7C-4F1E-A045-462FF328DF9F}.Release|Any CPU.ActiveCfg = Release|Any CPU
		{0A845022-6F7C-4F1E-A045-462FF328DF9F}.Release|Any CPU.Build.0 = Release|Any CPU
		{447278EC-61E5-484C-A7C6-1894E769EB39}.Debug|Any CPU.ActiveCfg = Debug|Any CPU
		{447278EC-61E5-484C-A7C6-1894E769EB39}.Debug|Any CPU.Build.0 = Debug|Any CPU
		{447278EC-61E5-484C-A7C6-1894E769EB39}.Release|Any CPU.ActiveCfg = Release|Any CPU
		{447278EC-61E5-484C-A7C6-1894E769EB39}.Release|Any CPU.Build.0 = Release|Any CPU
		{A6094D7B-41D3-4ECB-B28F-C516F9B3844B}.Debug|Any CPU.ActiveCfg = Debug|Any CPU
		{A6094D7B-41D3-4ECB-B28F-C516F9B3844B}.Debug|Any CPU.Build.0 = Debug|Any CPU
		{A6094D7B-41D3-4ECB-B28F-C516F9B3844B}.Release|Any CPU.ActiveCfg = Release|Any CPU
		{A6094D7B-41D3-4ECB-B28F-C516F9B3844B}.Release|Any CPU.Build.0 = Release|Any CPU
		{2B5ECF7C-1267-4211-BBF5-826E8A9C32F6}.Debug|Any CPU.ActiveCfg = Debug|Any CPU
		{2B5ECF7C-1267-4211-BBF5-826E8A9C32F6}.Debug|Any CPU.Build.0 = Debug|Any CPU
		{2B5ECF7C-1267-4211-BBF5-826E8A9C32F6}.Release|Any CPU.ActiveCfg = Release|Any CPU
		{2B5ECF7C-1267-4211-BBF5-826E8A9C32F6}.Release|Any CPU.Build.0 = Release|Any CPU
		{5095C522-C3FF-4651-B900-4D7BF8C1F7F5}.Debug|Any CPU.ActiveCfg = Debug|Any CPU
		{5095C522-C3FF-4651-B900-4D7BF8C1F7F5}.Debug|Any CPU.Build.0 = Debug|Any CPU
		{5095C522-C3FF-4651-B900-4D7BF8C1F7F5}.Release|Any CPU.ActiveCfg = Release|Any CPU
		{5095C522-C3FF-4651-B900-4D7BF8C1F7F5}.Release|Any CPU.Build.0 = Release|Any CPU
		{496825A4-DC95-470F-BF97-D05E291E48FF}.Debug|Any CPU.ActiveCfg = Debug|Any CPU
		{496825A4-DC95-470F-BF97-D05E291E48FF}.Debug|Any CPU.Build.0 = Debug|Any CPU
		{496825A4-DC95-470F-BF97-D05E291E48FF}.Release|Any CPU.ActiveCfg = Release|Any CPU
		{496825A4-DC95-470F-BF97-D05E291E48FF}.Release|Any CPU.Build.0 = Release|Any CPU
		{95A6FEF1-6BFF-4114-89F8-DE438E691EB3}.Debug|Any CPU.ActiveCfg = Debug|Any CPU
		{95A6FEF1-6BFF-4114-89F8-DE438E691EB3}.Debug|Any CPU.Build.0 = Debug|Any CPU
		{95A6FEF1-6BFF-4114-89F8-DE438E691EB3}.Release|Any CPU.ActiveCfg = Release|Any CPU
		{95A6FEF1-6BFF-4114-89F8-DE438E691EB3}.Release|Any CPU.Build.0 = Release|Any CPU
	EndGlobalSection
	GlobalSection(SolutionProperties) = preSolution
		HideSolutionNode = FALSE
	EndGlobalSection
	GlobalSection(ExtensibilityGlobals) = postSolution
		SolutionGuid = {5D1CE6BD-C2D3-4B4B-A298-5D958F143DCE}
	EndGlobalSection
EndGlobal
